
Microsoft Visual Studio Solution File, Format Version 12.00
# Visual Studio Version 17
VisualStudioVersion = 17.9.34714.143
MinimumVisualStudioVersion = 10.0.40219.1
Project("{9A19103F-16F7-4668-BE54-9A1E7A4F7556}") = "DocumentDbPoc.Api", "DocumentDbPoc.Api\DocumentDbPoc.Api.csproj", "{AB6F7F93-8DC6-4CD8-A936-C16829E5B811}"
EndProject
Project("{9A19103F-16F7-4668-BE54-9A1E7A4F7556}") = "DocumentDbPoc.Service", "DocumentDbPoc.Service\DocumentDbPoc.Service.csproj", "{B317C25C-C0C5-4102-BDC4-15CC0F5EE42E}"
EndProject
Project("{9A19103F-16F7-4668-BE54-9A1E7A4F7556}") = "DocumentDbPoc.Domain", "DocumentDbPoc.Domain\DocumentDbPoc.Domain.csproj", "{61D3918F-E5AF-4915-82A3-FEA2C25A2BC8}"
EndProject
Project("{FAE04EC0-301F-11D3-BF4B-00C04F79EFBC}") = "DocumentDbPoc.Persistance", "DocumentDbPoc.Persistance\DocumentDbPoc.Persistance.csproj", "{26BC6FD2-29E8-438C-BBB0-FC11C7EAC050}"
EndProject
Project("{FAE04EC0-301F-11D3-BF4B-00C04F79EFBC}") = "DocumentDbPoc.Repository", "DocumentDbPoc.Repository\DocumentDbPoc.Repository.csproj", "{5708F20C-77C1-42DA-BA3C-DAE306A1BF8A}"
EndProject
Global
	GlobalSection(SolutionConfigurationPlatforms) = preSolution
		Debug|Any CPU = Debug|Any CPU
		Release|Any CPU = Release|Any CPU
	EndGlobalSection
	GlobalSection(ProjectConfigurationPlatforms) = postSolution
		{AB6F7F93-8DC6-4CD8-A936-C16829E5B811}.Debug|Any CPU.ActiveCfg = Debug|Any CPU
		{AB6F7F93-8DC6-4CD8-A936-C16829E5B811}.Debug|Any CPU.Build.0 = Debug|Any CPU
		{AB6F7F93-8DC6-4CD8-A936-C16829E5B811}.Release|Any CPU.ActiveCfg = Release|Any CPU
		{AB6F7F93-8DC6-4CD8-A936-C16829E5B811}.Release|Any CPU.Build.0 = Release|Any CPU
		{B317C25C-C0C5-4102-BDC4-15CC0F5EE42E}.Debug|Any CPU.ActiveCfg = Debug|Any CPU
		{B317C25C-C0C5-4102-BDC4-15CC0F5EE42E}.Debug|Any CPU.Build.0 = Debug|Any CPU
		{B317C25C-C0C5-4102-BDC4-15CC0F5EE42E}.Release|Any CPU.ActiveCfg = Release|Any CPU
		{B317C25C-C0C5-4102-BDC4-15CC0F5EE42E}.Release|Any CPU.Build.0 = Release|Any CPU
		{61D3918F-E5AF-4915-82A3-FEA2C25A2BC8}.Debug|Any CPU.ActiveCfg = Debug|Any CPU
		{61D3918F-E5AF-4915-82A3-FEA2C25A2BC8}.Debug|Any CPU.Build.0 = Debug|Any CPU
		{61D3918F-E5AF-4915-82A3-FEA2C25A2BC8}.Release|Any CPU.ActiveCfg = Release|Any CPU
		{61D3918F-E5AF-4915-82A3-FEA2C25A2BC8}.Release|Any CPU.Build.0 = Release|Any CPU
		{26BC6FD2-29E8-438C-BBB0-FC11C7EAC050}.Debug|Any CPU.ActiveCfg = Debug|Any CPU
		{26BC6FD2-29E8-438C-BBB0-FC11C7EAC050}.Debug|Any CPU.Build.0 = Debug|Any CPU
		{26BC6FD2-29E8-438C-BBB0-FC11C7EAC050}.Release|Any CPU.ActiveCfg = Release|Any CPU
		{26BC6FD2-29E8-438C-BBB0-FC11C7EAC050}.Release|Any CPU.Build.0 = Release|Any CPU
		{5708F20C-77C1-42DA-BA3C-DAE306A1BF8A}.Debug|Any CPU.ActiveCfg = Debug|Any CPU
		{5708F20C-77C1-42DA-BA3C-DAE306A1BF8A}.Debug|Any CPU.Build.0 = Debug|Any CPU
		{5708F20C-77C1-42DA-BA3C-DAE306A1BF8A}.Release|Any CPU.ActiveCfg = Release|Any CPU
		{5708F20C-77C1-42DA-BA3C-DAE306A1BF8A}.Release|Any CPU.Build.0 = Release|Any CPU
	EndGlobalSection
	GlobalSection(SolutionProperties) = preSolution
		HideSolutionNode = FALSE
	EndGlobalSection
	GlobalSection(ExtensibilityGlobals) = postSolution
		SolutionGuid = {28B73DC9-30FC-4A65-89C9-CE662422CC02}
	EndGlobalSection
EndGlobal
